{
  "name": "paperclip-adapter-llm",
  "version": "0.1.0",
  "lockfileVersion": 3,
  "requires": true,
  "packages": {
    "": {
      "name": "paperclip-adapter-llm",
      "version": "0.1.0",
      "license": "MIT",
      "dependencies": {
        "@paperclipai/adapter-utils": "2026.428.0",
        "@paperclipai/shared": "2026.428.0"
      },
      "devDependencies": {
        "@types/node": "^25.5.2",
        "picocolors": "^1.1.1",
        "typescript": "^5.5.0"
      },
      "peerDependencies": {
        "picocolors": "^1.1.1"
      }
    },
    "node_modules/@paperclipai/adapter-utils": {
      "version": "2026.428.0",
      "resolved": "https://registry.npmjs.org/@paperclipai/adapter-utils/-/adapter-utils-2026.428.0.tgz",
      "integrity": "sha512-kGHpE7rhePPCbnG3OwXbNuHZZuI+XyuFgNSiDnrEeiSbkI2c5XHM2WnWDCZ/NGHULfJW3lWhSxGMFoYqiy38vQ==",
      "license": "MIT"
    },
    "node_modules/@paperclipai/shared": {
      "version": "2026.428.0",
      "resolved": "https://registry.npmjs.org/@paperclipai/shared/-/shared-2026.428.0.tgz",
      "integrity": "sha512-b4irrk/b+aGafkDgURVZJ/uGkyL1ryXy85RUv6cr1X+hg4581CejIiZ4QDMNxCGtRzfyKKXIecSDaq8Yqx4gKw==",
      "license": "MIT",
      "dependencies": {
        "zod": "^3.24.2"
      }
    },
    "node_modules/@types/node": {
      "version": "25.6.0",
      "resolved": "https://registry.npmjs.org/@types/node/-/node-25.6.0.tgz",
      "integrity": "sha512-+qIYRKdNYJwY3vRCZMdJbPLJAtGjQBudzZzdzwQYkEPQd+PJGixUL5QfvCLDaULoLv+RhT3LDkwEfKaAkgSmNQ==",
      "dev": true,
      "license": "MIT",
      "dependencies": {
        "undici-types": "~7.19.0"
      }
    },
    "node_modules/picocolors": {
      "version": "1.1.1",
      "resolved": "https://registry.npmjs.org/picocolors/-/picocolors-1.1.1.tgz",
      "integrity": "sha512-xceH2snhtb5M9liqDsmEw56le376mTZkEX/jEb/RxNFyegNul7eNslCXP9FDj/Lcu0X8KEyMceP2ntpaHrDEVA==",
      "dev": true,
      "license": "ISC"
    },
    "node_modules/typescript": {
      "version": "5.9.3",
      "resolved": "https://registry.npmjs.org/typescript/-/typescript-5.9.3.tgz",
      "integrity": "sha512-jl1vZzPDinLr9eUt3J/t7V6FgNEw9QjvBPdysz9KfQDD41fQrC2Y4vKQdiaUpFT4bXlb1RHhLpp8wtm6M5TgSw==",
      "dev": true,
      "license": "Apache-2.0",
      "bin": {
        "tsc": "bin/tsc",
        "tsserver": "bin/tsserver"
      },
      "engines": {
        "node": ">=14.17"
      }
    },
    "node_modules/undici-types": {
      "version": "7.19.2",
      "resolved": "https://registry.npmjs.org/undici-types/-/undici-types-7.19.2.tgz",
      "integrity": "sha512-qYVnV5OEm2AW8cJMCpdV20CDyaN3g0AjDlOGf1OW4iaDEx8MwdtChUp4zu4H0VP3nDRF/8RKWH+IPp9uW0YGZg==",
      "dev": true,
      "license": "MIT"
    },
    "node_modules/zod": {
      "version": "3.25.76",
      "resolved": "https://registry.npmjs.org/zod/-/zod-3.25.76.tgz",
      "integrity": "sha512-gzUt/qt81nXsFGKIFcC3YnfEAx5NkunCfnDlvuBSSFS02bcXu4Lmea0AFIUwbLWxWPx3d9p8S5QoaujKcNQxcQ==",
      "license": "MIT",
      "funding": {
        "url": "https://github.com/sponsors/colinhacks"
      }
    }
  }
}
